
Microsoft Visual Studio Solution File, Format Version 12.00
Project("{FAE04EC0-301F-11D3-BF4B-00C04F79EFBC}") = "ConsoleApp2", "ConsoleApp2\ConsoleApp2.csproj", "{FA497293-935D-478F-B123-1974128B60D1}"
EndProject
Project("{2150E333-8FDC-42A3-9474-1A3956D46DE8}") = "submodules", "submodules", "{FB01A485-7C20-439E-BFDE-E1BF4206DD10}"
EndProject
Project("{FAE04EC0-301F-11D3-BF4B-00C04F79EFBC}") = "HUtils", "HUtils\HUtils\HUtils.csproj", "{29183E40-A8C4-4D0A-87BB-9260913BD23F}"
EndProject
Global
	GlobalSection(SolutionConfigurationPlatforms) = preSolution
		Debug|Any CPU = Debug|Any CPU
		Release|Any CPU = Release|Any CPU
	EndGlobalSection
	GlobalSection(ProjectConfigurationPlatforms) = postSolution
		{FA497293-935D-478F-B123-1974128B60D1}.Debug|Any CPU.ActiveCfg = Debug|Any CPU
		{FA497293-935D-478F-B123-1974128B60D1}.Debug|Any CPU.Build.0 = Debug|Any CPU
		{FA497293-935D-478F-B123-1974128B60D1}.Release|Any CPU.ActiveCfg = Release|Any CPU
		{FA497293-935D-478F-B123-1974128B60D1}.Release|Any CPU.Build.0 = Release|Any CPU
		{29183E40-A8C4-4D0A-87BB-9260913BD23F}.Debug|Any CPU.ActiveCfg = Debug|Any CPU
		{29183E40-A8C4-4D0A-87BB-9260913BD23F}.Debug|Any CPU.Build.0 = Debug|Any CPU
		{29183E40-A8C4-4D0A-87BB-9260913BD23F}.Release|Any CPU.ActiveCfg = Release|Any CPU
		{29183E40-A8C4-4D0A-87BB-9260913BD23F}.Release|Any CPU.Build.0 = Release|Any CPU
	EndGlobalSection
	GlobalSection(NestedProjects) = preSolution
		{29183E40-A8C4-4D0A-87BB-9260913BD23F} = {FB01A485-7C20-439E-BFDE-E1BF4206DD10}
	EndGlobalSection
EndGlobal
